// !$*UTF8*$!
{
	archiveVersion = 1;
	classes = {
	};
	objectVersion = 51;
	objects = {

/* Begin PBXBuildFile section */
		151C201A2499CEA3006170CC /* NotificationService.swift in Sources */ = {isa = PBXBuildFile; fileRef = 15CD031F246E87AD00EDADE2 /* NotificationService.swift */; };
		151C20312499E3F4006170CC /* String+Extension.swift in Sources */ = {isa = PBXBuildFile; fileRef = 15E1ED12241B3A2C00651ACD /* String+Extension.swift */; };
		151C20322499E3F4006170CC /* CryptoTools.swift in Sources */ = {isa = PBXBuildFile; fileRef = 15E1ED14241B3B8D00651ACD /* CryptoTools.swift */; };
		151C20332499E3F4006170CC /* WalletModule.swift in Sources */ = {isa = PBXBuildFile; fileRef = 15E1ED08241A298900651ACD /* WalletModule.swift */; };
		151C20342499E3F4006170CC /* WalletManager.swift in Sources */ = {isa = PBXBuildFile; fileRef = 15E1ED01241A26D600651ACD /* WalletManager.swift */; };
		151C20352499E3F4006170CC /* ViewController.swift in Sources */ = {isa = PBXBuildFile; fileRef = 15E9072D2417D1B9008A5750 /* ViewController.swift */; };
		151C20362499E3F4006170CC /* RNBridge.m in Sources */ = {isa = PBXBuildFile; fileRef = 15E1ED06241A296400651ACD /* RNBridge.m */; };
		151C20372499E3F4006170CC /* AppDelegate.swift in Sources */ = {isa = PBXBuildFile; fileRef = 15E907292417D1B9008A5750 /* AppDelegate.swift */; };
		151C20382499E3F4006170CC /* WalletManager+Error.swift in Sources */ = {isa = PBXBuildFile; fileRef = 15E1ED0E241B363C00651ACD /* WalletManager+Error.swift */; };
		151C203F2499E3F4006170CC /* LaunchScreen.storyboard in Resources */ = {isa = PBXBuildFile; fileRef = 15E907342417D1BB008A5750 /* LaunchScreen.storyboard */; };
		151C20402499E3F4006170CC /* Assets.xcassets in Resources */ = {isa = PBXBuildFile; fileRef = 15E907322417D1BB008A5750 /* Assets.xcassets */; };
		151C20412499E3F4006170CC /* Main.storyboard in Resources */ = {isa = PBXBuildFile; fileRef = 15E9072F2417D1B9008A5750 /* Main.storyboard */; };
		151C20542499E4C4006170CC /* common-dev-notification-service-ext.appex in Embed App Extensions */ = {isa = PBXBuildFile; fileRef = 151C20202499CEA3006170CC /* common-dev-notification-service-ext.appex */; settings = {ATTRIBUTES = (RemoveHeadersOnCopy, ); }; };
		151C20602499E503006170CC /* GoogleService-Info.plist in Resources */ = {isa = PBXBuildFile; fileRef = 151C205C2499E503006170CC /* GoogleService-Info.plist */; };
		151C20622499E99B006170CC /* GoogleService-Info.plist in Resources */ = {isa = PBXBuildFile; fileRef = 151C20612499E99B006170CC /* GoogleService-Info.plist */; };
		153D23F924B5BE9A007E8F37 /* NunitoSans-Bold.ttf in Resources */ = {isa = PBXBuildFile; fileRef = 42C6A385306D40069FD183D7 /* NunitoSans-Bold.ttf */; };
		153D23FA24B5BE9A007E8F37 /* NunitoSans-Italic.ttf in Resources */ = {isa = PBXBuildFile; fileRef = F2C9B59F8FFB49DFA4FF15CA /* NunitoSans-Italic.ttf */; };
		153D23FB24B5BE9A007E8F37 /* NunitoSans-Light.ttf in Resources */ = {isa = PBXBuildFile; fileRef = 8D6FB52253054110853F2376 /* NunitoSans-Light.ttf */; };
		153D23FC24B5BE9A007E8F37 /* NunitoSans-Regular.ttf in Resources */ = {isa = PBXBuildFile; fileRef = A40576CB8A1C45D8A51C0FD5 /* NunitoSans-Regular.ttf */; };
		153D23FD24B5BE9A007E8F37 /* NunitoSans-SemiBold.ttf in Resources */ = {isa = PBXBuildFile; fileRef = 0EBB067512D6426FB6FE57F2 /* NunitoSans-SemiBold.ttf */; };
		153D23FE24B5BE9A007E8F37 /* Nunito-Regular.ttf in Resources */ = {isa = PBXBuildFile; fileRef = 30000652B0094E87A70CF813 /* Nunito-Regular.ttf */; };
		155E056E24DD58AA000BE6A4 /* NotoSerif-SemiBold.ttf in Resources */ = {isa = PBXBuildFile; fileRef = 267EC9C3E82F4ED9B159DC28 /* NotoSerif-SemiBold.ttf */; };
		15AD00A224AB2E0F004FDADE /* Config.xcconfig in Resources */ = {isa = PBXBuildFile; fileRef = 15AD00A124AB2E0F004FDADE /* Config.xcconfig */; };
		15AD00A324AB2E0F004FDADE /* Config.xcconfig in Resources */ = {isa = PBXBuildFile; fileRef = 15AD00A124AB2E0F004FDADE /* Config.xcconfig */; };
		15AD00A424AB2E0F004FDADE /* Config.xcconfig in Resources */ = {isa = PBXBuildFile; fileRef = 15AD00A124AB2E0F004FDADE /* Config.xcconfig */; };
		15AD00A524AB2E0F004FDADE /* Config.xcconfig in Resources */ = {isa = PBXBuildFile; fileRef = 15AD00A124AB2E0F004FDADE /* Config.xcconfig */; };
		15CD0320246E87AD00EDADE2 /* NotificationService.swift in Sources */ = {isa = PBXBuildFile; fileRef = 15CD031F246E87AD00EDADE2 /* NotificationService.swift */; };
		15CD0324246E87AD00EDADE2 /* common-notification-service-ext.appex in Embed App Extensions */ = {isa = PBXBuildFile; fileRef = 15CD031D246E87AD00EDADE2 /* common-notification-service-ext.appex */; settings = {ATTRIBUTES = (RemoveHeadersOnCopy, ); }; };
		15E1ED02241A26D600651ACD /* WalletManager.swift in Sources */ = {isa = PBXBuildFile; fileRef = 15E1ED01241A26D600651ACD /* WalletManager.swift */; };
		15E1ED07241A296400651ACD /* RNBridge.m in Sources */ = {isa = PBXBuildFile; fileRef = 15E1ED06241A296400651ACD /* RNBridge.m */; };
		15E1ED09241A298900651ACD /* WalletModule.swift in Sources */ = {isa = PBXBuildFile; fileRef = 15E1ED08241A298900651ACD /* WalletModule.swift */; };
		15E1ED0F241B363C00651ACD /* WalletManager+Error.swift in Sources */ = {isa = PBXBuildFile; fileRef = 15E1ED0E241B363C00651ACD /* WalletManager+Error.swift */; };
		15E1ED13241B3A2C00651ACD /* String+Extension.swift in Sources */ = {isa = PBXBuildFile; fileRef = 15E1ED12241B3A2C00651ACD /* String+Extension.swift */; };
		15E1ED15241B3B8D00651ACD /* CryptoTools.swift in Sources */ = {isa = PBXBuildFile; fileRef = 15E1ED14241B3B8D00651ACD /* CryptoTools.swift */; };
		15E9072A2417D1B9008A5750 /* AppDelegate.swift in Sources */ = {isa = PBXBuildFile; fileRef = 15E907292417D1B9008A5750 /* AppDelegate.swift */; };
		15E9072E2417D1B9008A5750 /* ViewController.swift in Sources */ = {isa = PBXBuildFile; fileRef = 15E9072D2417D1B9008A5750 /* ViewController.swift */; };
		15E907312417D1B9008A5750 /* Main.storyboard in Resources */ = {isa = PBXBuildFile; fileRef = 15E9072F2417D1B9008A5750 /* Main.storyboard */; };
		15E907332417D1BB008A5750 /* Assets.xcassets in Resources */ = {isa = PBXBuildFile; fileRef = 15E907322417D1BB008A5750 /* Assets.xcassets */; };
		15E907362417D1BB008A5750 /* LaunchScreen.storyboard in Resources */ = {isa = PBXBuildFile; fileRef = 15E907342417D1BB008A5750 /* LaunchScreen.storyboard */; };
		1F88078D5AE44AD180187B06 /* Nunito-Regular.ttf in Resources */ = {isa = PBXBuildFile; fileRef = 30000652B0094E87A70CF813 /* Nunito-Regular.ttf */; };
		633AADEFA12A4EEF840ED24D /* NotoSerif-SemiBold.ttf in Resources */ = {isa = PBXBuildFile; fileRef = 267EC9C3E82F4ED9B159DC28 /* NotoSerif-SemiBold.ttf */; };
		736A9726E429ECF26A555355 /* Pods_common_stg.framework in Frameworks */ = {isa = PBXBuildFile; fileRef = A9237886088EA31D00DEDB8D /* Pods_common_stg.framework */; };
		88F102D71F0644038ECC212B /* NunitoSans-Regular.ttf in Resources */ = {isa = PBXBuildFile; fileRef = A40576CB8A1C45D8A51C0FD5 /* NunitoSans-Regular.ttf */; };
		9932C9CC0B2948FE94025468 /* NunitoSans-Bold.ttf in Resources */ = {isa = PBXBuildFile; fileRef = 42C6A385306D40069FD183D7 /* NunitoSans-Bold.ttf */; };
		BCAAB2F57FB2D1883DF8DD68 /* Pods_common.framework in Frameworks */ = {isa = PBXBuildFile; fileRef = CDBC858FCC7ADE69882AE33A /* Pods_common.framework */; };
		CDD5E5B60C08404981150417 /* NunitoSans-Light.ttf in Resources */ = {isa = PBXBuildFile; fileRef = 8D6FB52253054110853F2376 /* NunitoSans-Light.ttf */; };
		CF0B3799DD99422BA7B8AE3C /* NunitoSans-SemiBold.ttf in Resources */ = {isa = PBXBuildFile; fileRef = 0EBB067512D6426FB6FE57F2 /* NunitoSans-SemiBold.ttf */; };
		FCD9335756174A92AE4AC3F6 /* NunitoSans-Italic.ttf in Resources */ = {isa = PBXBuildFile; fileRef = F2C9B59F8FFB49DFA4FF15CA /* NunitoSans-Italic.ttf */; };
/* End PBXBuildFile section */

/* Begin PBXContainerItemProxy section */
		151C20552499E4C4006170CC /* PBXContainerItemProxy */ = {
			isa = PBXContainerItemProxy;
			containerPortal = 15E9071E2417D1B9008A5750 /* Project object */;
			proxyType = 1;
			remoteGlobalIDString = 151C20182499CEA3006170CC;
			remoteInfo = "common-dev-notification-service-ext";
		};
		15CD0322246E87AD00EDADE2 /* PBXContainerItemProxy */ = {
			isa = PBXContainerItemProxy;
			containerPortal = 15E9071E2417D1B9008A5750 /* Project object */;
			proxyType = 1;
			remoteGlobalIDString = 15CD031C246E87AD00EDADE2;
			remoteInfo = "common-notification-service-ext";
		};
/* End PBXContainerItemProxy section */

/* Begin PBXCopyFilesBuildPhase section */
		151C20572499E4C4006170CC /* Embed App Extensions */ = {
			isa = PBXCopyFilesBuildPhase;
			buildActionMask = 2147483647;
			dstPath = "";
			dstSubfolderSpec = 13;
			files = (
				151C20542499E4C4006170CC /* common-dev-notification-service-ext.appex in Embed App Extensions */,
			);
			name = "Embed App Extensions";
			runOnlyForDeploymentPostprocessing = 0;
		};
		15CD0315246E873C00EDADE2 /* Embed App Extensions */ = {
			isa = PBXCopyFilesBuildPhase;
			buildActionMask = 2147483647;
			dstPath = "";
			dstSubfolderSpec = 13;
			files = (
				15CD0324246E87AD00EDADE2 /* common-notification-service-ext.appex in Embed App Extensions */,
			);
			name = "Embed App Extensions";
			runOnlyForDeploymentPostprocessing = 0;
		};
/* End PBXCopyFilesBuildPhase section */

/* Begin PBXFileReference section */
		0EBB067512D6426FB6FE57F2 /* NunitoSans-SemiBold.ttf */ = {isa = PBXFileReference; explicitFileType = undefined; fileEncoding = 9; includeInIndex = 0; lastKnownFileType = unknown; name = "NunitoSans-SemiBold.ttf"; path = "../src/Assets/fonts/NunitoSans/NunitoSans-SemiBold.ttf"; sourceTree = "<group>"; };
		1505B3D8243B76E300679F9C /* common.entitlements */ = {isa = PBXFileReference; lastKnownFileType = text.plist.entitlements; path = common.entitlements; sourceTree = "<group>"; };
		151C20172499CA52006170CC /* common-dev-Info.plist */ = {isa = PBXFileReference; lastKnownFileType = text.plist.xml; name = "common-dev-Info.plist"; path = "/Users/lmcmz/temp/common/ios/common-dev-Info.plist"; sourceTree = "<absolute>"; };
		151C20202499CEA3006170CC /* common-dev-notification-service-ext.appex */ = {isa = PBXFileReference; explicitFileType = "wrapper.app-extension"; includeInIndex = 0; path = "common-dev-notification-service-ext.appex"; sourceTree = BUILT_PRODUCTS_DIR; };
		151C20212499CEA3006170CC /* common-notification-service-ext copy-Info.plist */ = {isa = PBXFileReference; lastKnownFileType = text.plist.xml; name = "common-notification-service-ext copy-Info.plist"; path = "/Users/lmcmz/temp/common/ios/common-notification-service-ext copy-Info.plist"; sourceTree = "<absolute>"; };
		151C20522499E3F4006170CC /* common-stg.app */ = {isa = PBXFileReference; explicitFileType = wrapper.application; includeInIndex = 0; path = "common-stg.app"; sourceTree = BUILT_PRODUCTS_DIR; };
		151C205C2499E503006170CC /* GoogleService-Info.plist */ = {isa = PBXFileReference; fileEncoding = 4; lastKnownFileType = text.plist.xml; path = "GoogleService-Info.plist"; sourceTree = "<group>"; };
		151C20612499E99B006170CC /* GoogleService-Info.plist */ = {isa = PBXFileReference; fileEncoding = 4; lastKnownFileType = text.plist.xml; path = "GoogleService-Info.plist"; sourceTree = "<group>"; };
		15AD00A124AB2E0F004FDADE /* Config.xcconfig */ = {isa = PBXFileReference; fileEncoding = 4; lastKnownFileType = text.xcconfig; path = Config.xcconfig; sourceTree = "<group>"; };
		15CD0307246E873C00EDADE2 /* UserNotifications.framework */ = {isa = PBXFileReference; lastKnownFileType = wrapper.framework; name = UserNotifications.framework; path = System/Library/Frameworks/UserNotifications.framework; sourceTree = SDKROOT; };
		15CD0309246E873C00EDADE2 /* UserNotificationsUI.framework */ = {isa = PBXFileReference; lastKnownFileType = wrapper.framework; name = UserNotificationsUI.framework; path = System/Library/Frameworks/UserNotificationsUI.framework; sourceTree = SDKROOT; };
		15CD031D246E87AD00EDADE2 /* common-notification-service-ext.appex */ = {isa = PBXFileReference; explicitFileType = "wrapper.app-extension"; includeInIndex = 0; path = "common-notification-service-ext.appex"; sourceTree = BUILT_PRODUCTS_DIR; };
		15CD031F246E87AD00EDADE2 /* NotificationService.swift */ = {isa = PBXFileReference; lastKnownFileType = sourcecode.swift; path = NotificationService.swift; sourceTree = "<group>"; };
		15CD0321246E87AD00EDADE2 /* Info.plist */ = {isa = PBXFileReference; lastKnownFileType = text.plist.xml; path = Info.plist; sourceTree = "<group>"; };
		15E1ED01241A26D600651ACD /* WalletManager.swift */ = {isa = PBXFileReference; lastKnownFileType = sourcecode.swift; path = WalletManager.swift; sourceTree = "<group>"; };
		15E1ED03241A292C00651ACD /* common-Bridging-Header.h */ = {isa = PBXFileReference; lastKnownFileType = sourcecode.c.h; path = "common-Bridging-Header.h"; sourceTree = "<group>"; };
		15E1ED06241A296400651ACD /* RNBridge.m */ = {isa = PBXFileReference; lastKnownFileType = sourcecode.c.objc; path = RNBridge.m; sourceTree = "<group>"; };
		15E1ED08241A298900651ACD /* WalletModule.swift */ = {isa = PBXFileReference; lastKnownFileType = sourcecode.swift; path = WalletModule.swift; sourceTree = "<group>"; };
		15E1ED0E241B363C00651ACD /* WalletManager+Error.swift */ = {isa = PBXFileReference; lastKnownFileType = sourcecode.swift; path = "WalletManager+Error.swift"; sourceTree = "<group>"; };
		15E1ED12241B3A2C00651ACD /* String+Extension.swift */ = {isa = PBXFileReference; lastKnownFileType = sourcecode.swift; path = "String+Extension.swift"; sourceTree = "<group>"; };
		15E1ED14241B3B8D00651ACD /* CryptoTools.swift */ = {isa = PBXFileReference; lastKnownFileType = sourcecode.swift; path = CryptoTools.swift; sourceTree = "<group>"; };
		15E907262417D1B9008A5750 /* common.app */ = {isa = PBXFileReference; explicitFileType = wrapper.application; includeInIndex = 0; path = common.app; sourceTree = BUILT_PRODUCTS_DIR; };
		15E907292417D1B9008A5750 /* AppDelegate.swift */ = {isa = PBXFileReference; lastKnownFileType = sourcecode.swift; path = AppDelegate.swift; sourceTree = "<group>"; };
		15E9072D2417D1B9008A5750 /* ViewController.swift */ = {isa = PBXFileReference; lastKnownFileType = sourcecode.swift; path = ViewController.swift; sourceTree = "<group>"; };
		15E907302417D1B9008A5750 /* Base */ = {isa = PBXFileReference; lastKnownFileType = file.storyboard; name = Base; path = Base.lproj/Main.storyboard; sourceTree = "<group>"; };
		15E907322417D1BB008A5750 /* Assets.xcassets */ = {isa = PBXFileReference; lastKnownFileType = folder.assetcatalog; path = Assets.xcassets; sourceTree = "<group>"; };
		15E907352417D1BB008A5750 /* Base */ = {isa = PBXFileReference; lastKnownFileType = file.storyboard; name = Base; path = Base.lproj/LaunchScreen.storyboard; sourceTree = "<group>"; };
		15E907372417D1BB008A5750 /* Info.plist */ = {isa = PBXFileReference; lastKnownFileType = text.plist.xml; path = Info.plist; sourceTree = "<group>"; };
		1A380D74495F911BF60AD72C /* Pods-common.debug.xcconfig */ = {isa = PBXFileReference; includeInIndex = 1; lastKnownFileType = text.xcconfig; name = "Pods-common.debug.xcconfig"; path = "Target Support Files/Pods-common/Pods-common.debug.xcconfig"; sourceTree = "<group>"; };
		267EC9C3E82F4ED9B159DC28 /* NotoSerif-SemiBold.ttf */ = {isa = PBXFileReference; explicitFileType = undefined; fileEncoding = 9; includeInIndex = 0; lastKnownFileType = unknown; name = "NotoSerif-SemiBold.ttf"; path = "../src/Assets/fonts/NotoSerif/NotoSerif-SemiBold.ttf"; sourceTree = "<group>"; };
		30000652B0094E87A70CF813 /* Nunito-Regular.ttf */ = {isa = PBXFileReference; explicitFileType = undefined; fileEncoding = 9; includeInIndex = 0; lastKnownFileType = unknown; name = "Nunito-Regular.ttf"; path = "../src/Assets/fonts/Nunito/Nunito-Regular.ttf"; sourceTree = "<group>"; };
		39E20148204889116EC54866 /* Pods-common-stg.debug.xcconfig */ = {isa = PBXFileReference; includeInIndex = 1; lastKnownFileType = text.xcconfig; name = "Pods-common-stg.debug.xcconfig"; path = "Target Support Files/Pods-common-stg/Pods-common-stg.debug.xcconfig"; sourceTree = "<group>"; };
		42C6A385306D40069FD183D7 /* NunitoSans-Bold.ttf */ = {isa = PBXFileReference; explicitFileType = undefined; fileEncoding = 9; includeInIndex = 0; lastKnownFileType = unknown; name = "NunitoSans-Bold.ttf"; path = "../src/Assets/fonts/NunitoSans/NunitoSans-Bold.ttf"; sourceTree = "<group>"; };
		4CE18B1CFFA458FD7071C73C /* Pods-common.release.xcconfig */ = {isa = PBXFileReference; includeInIndex = 1; lastKnownFileType = text.xcconfig; name = "Pods-common.release.xcconfig"; path = "Target Support Files/Pods-common/Pods-common.release.xcconfig"; sourceTree = "<group>"; };
		6FB3EBC73DAEFA8B1995804F /* Pods-common-stg.release.xcconfig */ = {isa = PBXFileReference; includeInIndex = 1; lastKnownFileType = text.xcconfig; name = "Pods-common-stg.release.xcconfig"; path = "Target Support Files/Pods-common-stg/Pods-common-stg.release.xcconfig"; sourceTree = "<group>"; };
		8D6FB52253054110853F2376 /* NunitoSans-Light.ttf */ = {isa = PBXFileReference; explicitFileType = undefined; fileEncoding = 9; includeInIndex = 0; lastKnownFileType = unknown; name = "NunitoSans-Light.ttf"; path = "../src/Assets/fonts/NunitoSans/NunitoSans-Light.ttf"; sourceTree = "<group>"; };
		A40576CB8A1C45D8A51C0FD5 /* NunitoSans-Regular.ttf */ = {isa = PBXFileReference; explicitFileType = undefined; fileEncoding = 9; includeInIndex = 0; lastKnownFileType = unknown; name = "NunitoSans-Regular.ttf"; path = "../src/Assets/fonts/NunitoSans/NunitoSans-Regular.ttf"; sourceTree = "<group>"; };
		A9237886088EA31D00DEDB8D /* Pods_common_stg.framework */ = {isa = PBXFileReference; explicitFileType = wrapper.framework; includeInIndex = 0; path = Pods_common_stg.framework; sourceTree = BUILT_PRODUCTS_DIR; };
		CDBC858FCC7ADE69882AE33A /* Pods_common.framework */ = {isa = PBXFileReference; explicitFileType = wrapper.framework; includeInIndex = 0; path = Pods_common.framework; sourceTree = BUILT_PRODUCTS_DIR; };
		F2C9B59F8FFB49DFA4FF15CA /* NunitoSans-Italic.ttf */ = {isa = PBXFileReference; explicitFileType = undefined; fileEncoding = 9; includeInIndex = 0; lastKnownFileType = unknown; name = "NunitoSans-Italic.ttf"; path = "../src/Assets/fonts/NunitoSans/NunitoSans-Italic.ttf"; sourceTree = "<group>"; };
/* End PBXFileReference section */

/* Begin PBXFrameworksBuildPhase section */
		151C201B2499CEA3006170CC /* Frameworks */ = {
			isa = PBXFrameworksBuildPhase;
			buildActionMask = 2147483647;
			files = (
			);
			runOnlyForDeploymentPostprocessing = 0;
		};
		151C20392499E3F4006170CC /* Frameworks */ = {
			isa = PBXFrameworksBuildPhase;
			buildActionMask = 2147483647;
			files = (
				736A9726E429ECF26A555355 /* Pods_common_stg.framework in Frameworks */,
			);
			runOnlyForDeploymentPostprocessing = 0;
		};
		15CD031A246E87AD00EDADE2 /* Frameworks */ = {
			isa = PBXFrameworksBuildPhase;
			buildActionMask = 2147483647;
			files = (
			);
			runOnlyForDeploymentPostprocessing = 0;
		};
		15E907232417D1B9008A5750 /* Frameworks */ = {
			isa = PBXFrameworksBuildPhase;
			buildActionMask = 2147483647;
			files = (
				BCAAB2F57FB2D1883DF8DD68 /* Pods_common.framework in Frameworks */,
			);
			runOnlyForDeploymentPostprocessing = 0;
		};
/* End PBXFrameworksBuildPhase section */

/* Begin PBXGroup section */
		151C20582499E503006170CC /* firebase */ = {
			isa = PBXGroup;
			children = (
				151C20592499E503006170CC /* production */,
				151C205B2499E503006170CC /* staging */,
			);
			path = firebase;
			sourceTree = "<group>";
		};
		151C20592499E503006170CC /* production */ = {
			isa = PBXGroup;
			children = (
				151C20612499E99B006170CC /* GoogleService-Info.plist */,
			);
			path = production;
			sourceTree = "<group>";
		};
		151C205B2499E503006170CC /* staging */ = {
			isa = PBXGroup;
			children = (
				151C205C2499E503006170CC /* GoogleService-Info.plist */,
			);
			path = staging;
			sourceTree = "<group>";
		};
		15CD031E246E87AD00EDADE2 /* common-notification-service-ext */ = {
			isa = PBXGroup;
			children = (
				15CD031F246E87AD00EDADE2 /* NotificationService.swift */,
				15CD0321246E87AD00EDADE2 /* Info.plist */,
			);
			path = "common-notification-service-ext";
			sourceTree = "<group>";
		};
		15E1ED11241B3A1D00651ACD /* Util */ = {
			isa = PBXGroup;
			children = (
				15E1ED12241B3A2C00651ACD /* String+Extension.swift */,
				15E1ED14241B3B8D00651ACD /* CryptoTools.swift */,
			);
			path = Util;
			sourceTree = "<group>";
		};
		15E9071D2417D1B9008A5750 = {
			isa = PBXGroup;
			children = (
				15AD00A124AB2E0F004FDADE /* Config.xcconfig */,
				151C20582499E503006170CC /* firebase */,
				15E907282417D1B9008A5750 /* common */,
				15CD031E246E87AD00EDADE2 /* common-notification-service-ext */,
				15E907272417D1B9008A5750 /* Products */,
				909741A0B044660210AFA8BC /* Pods */,
				3098661C0DFC471D9522B375 /* Resources */,
				DB97E8264DC5EA5DC764264C /* Frameworks */,
				151C20172499CA52006170CC /* common-dev-Info.plist */,
				151C20212499CEA3006170CC /* common-notification-service-ext copy-Info.plist */,
			);
			sourceTree = "<group>";
		};
		15E907272417D1B9008A5750 /* Products */ = {
			isa = PBXGroup;
			children = (
				15E907262417D1B9008A5750 /* common.app */,
				15CD031D246E87AD00EDADE2 /* common-notification-service-ext.appex */,
				151C20202499CEA3006170CC /* common-dev-notification-service-ext.appex */,
				151C20522499E3F4006170CC /* common-stg.app */,
			);
			name = Products;
			sourceTree = "<group>";
		};
		15E907282417D1B9008A5750 /* common */ = {
			isa = PBXGroup;
			children = (
				1505B3D8243B76E300679F9C /* common.entitlements */,
				15FFF6662418669700AEBE9D /* Modules */,
				15FFF668241866D500AEBE9D /* Resource */,
				15FFF667241866AA00AEBE9D /* Support */,
			);
			path = common;
			sourceTree = "<group>";
		};
		15E9073D2417D36D008A5750 /* ReactNative */ = {
			isa = PBXGroup;
			children = (
				15E1ED06241A296400651ACD /* RNBridge.m */,
				15E1ED08241A298900651ACD /* WalletModule.swift */,
			);
			path = ReactNative;
			sourceTree = "<group>";
		};
		15E9073E2417D37E008A5750 /* Wallet */ = {
			isa = PBXGroup;
			children = (
				15E1ED01241A26D600651ACD /* WalletManager.swift */,
				15E1ED0E241B363C00651ACD /* WalletManager+Error.swift */,
			);
			path = Wallet;
			sourceTree = "<group>";
		};
		15FFF6662418669700AEBE9D /* Modules */ = {
			isa = PBXGroup;
			children = (
				15E1ED11241B3A1D00651ACD /* Util */,
				15FFF669241866FC00AEBE9D /* Entrance */,
				15E9073E2417D37E008A5750 /* Wallet */,
				15E9073D2417D36D008A5750 /* ReactNative */,
			);
			path = Modules;
			sourceTree = "<group>";
		};
		15FFF667241866AA00AEBE9D /* Support */ = {
			isa = PBXGroup;
			children = (
				15E907372417D1BB008A5750 /* Info.plist */,
				15E1ED03241A292C00651ACD /* common-Bridging-Header.h */,
			);
			path = Support;
			sourceTree = "<group>";
		};
		15FFF668241866D500AEBE9D /* Resource */ = {
			isa = PBXGroup;
			children = (
				15E907322417D1BB008A5750 /* Assets.xcassets */,
			);
			path = Resource;
			sourceTree = "<group>";
		};
		15FFF669241866FC00AEBE9D /* Entrance */ = {
			isa = PBXGroup;
			children = (
				15E907292417D1B9008A5750 /* AppDelegate.swift */,
				15E9072D2417D1B9008A5750 /* ViewController.swift */,
				15E9072F2417D1B9008A5750 /* Main.storyboard */,
				15E907342417D1BB008A5750 /* LaunchScreen.storyboard */,
			);
			path = Entrance;
			sourceTree = "<group>";
		};
		3098661C0DFC471D9522B375 /* Resources */ = {
			isa = PBXGroup;
			children = (
				42C6A385306D40069FD183D7 /* NunitoSans-Bold.ttf */,
				F2C9B59F8FFB49DFA4FF15CA /* NunitoSans-Italic.ttf */,
				8D6FB52253054110853F2376 /* NunitoSans-Light.ttf */,
				A40576CB8A1C45D8A51C0FD5 /* NunitoSans-Regular.ttf */,
				0EBB067512D6426FB6FE57F2 /* NunitoSans-SemiBold.ttf */,
				30000652B0094E87A70CF813 /* Nunito-Regular.ttf */,
				267EC9C3E82F4ED9B159DC28 /* NotoSerif-SemiBold.ttf */,
			);
			name = Resources;
			sourceTree = "<group>";
		};
		909741A0B044660210AFA8BC /* Pods */ = {
			isa = PBXGroup;
			children = (
				1A380D74495F911BF60AD72C /* Pods-common.debug.xcconfig */,
				4CE18B1CFFA458FD7071C73C /* Pods-common.release.xcconfig */,
				39E20148204889116EC54866 /* Pods-common-stg.debug.xcconfig */,
				6FB3EBC73DAEFA8B1995804F /* Pods-common-stg.release.xcconfig */,
			);
			path = Pods;
			sourceTree = "<group>";
		};
		DB97E8264DC5EA5DC764264C /* Frameworks */ = {
			isa = PBXGroup;
			children = (
				15CD0307246E873C00EDADE2 /* UserNotifications.framework */,
				15CD0309246E873C00EDADE2 /* UserNotificationsUI.framework */,
				CDBC858FCC7ADE69882AE33A /* Pods_common.framework */,
				A9237886088EA31D00DEDB8D /* Pods_common_stg.framework */,
			);
			name = Frameworks;
			sourceTree = "<group>";
		};
/* End PBXGroup section */

/* Begin PBXNativeTarget section */
		151C20182499CEA3006170CC /* common-dev-notification-service-ext */ = {
			isa = PBXNativeTarget;
			buildConfigurationList = 151C201D2499CEA3006170CC /* Build configuration list for PBXNativeTarget "common-dev-notification-service-ext" */;
			buildPhases = (
				151C20192499CEA3006170CC /* Sources */,
				151C201B2499CEA3006170CC /* Frameworks */,
				151C201C2499CEA3006170CC /* Resources */,
			);
			buildRules = (
			);
			dependencies = (
			);
			name = "common-dev-notification-service-ext";
			productName = "common-notification-service-ext";
			productReference = 151C20202499CEA3006170CC /* common-dev-notification-service-ext.appex */;
			productType = "com.apple.product-type.app-extension";
		};
		151C202C2499E3F4006170CC /* common-stg */ = {
			isa = PBXNativeTarget;
			buildConfigurationList = 151C204F2499E3F4006170CC /* Build configuration list for PBXNativeTarget "common-stg" */;
			buildPhases = (
				6D16BA5388657A078816E949 /* [CP] Check Pods Manifest.lock */,
				151C20302499E3F4006170CC /* Sources */,
				151C203E2499E3F4006170CC /* Resources */,
				151C20392499E3F4006170CC /* Frameworks */,
				151C203B2499E3F4006170CC /* Bundle React Native code and images */,
				151C203D2499E3F4006170CC /* Launch React Native Packager */,
				151C20572499E4C4006170CC /* Embed App Extensions */,
				8445570E72FFB9CB56511080 /* [CP] Embed Pods Frameworks */,
				A1739A1D167877922DDADE04 /* [CP] Copy Pods Resources */,
				9260AED6260B808DCE7A30B3 /* [CP-User] [RNFB] Core Configuration */,
				F59087DF711A77B97C074F4F /* [CP-User] [RNFB] Crashlytics Configuration */,
			);
			buildRules = (
			);
			dependencies = (
				151C20562499E4C4006170CC /* PBXTargetDependency */,
			);
			name = "common-stg";
			productName = common;
			productReference = 151C20522499E3F4006170CC /* common-stg.app */;
			productType = "com.apple.product-type.application";
		};
		15CD031C246E87AD00EDADE2 /* common-notification-service-ext */ = {
			isa = PBXNativeTarget;
			buildConfigurationList = 15CD0325246E87AD00EDADE2 /* Build configuration list for PBXNativeTarget "common-notification-service-ext" */;
			buildPhases = (
				15CD0319246E87AD00EDADE2 /* Sources */,
				15CD031A246E87AD00EDADE2 /* Frameworks */,
				15CD031B246E87AD00EDADE2 /* Resources */,
			);
			buildRules = (
			);
			dependencies = (
			);
			name = "common-notification-service-ext";
			productName = "common-notification-service-ext";
			productReference = 15CD031D246E87AD00EDADE2 /* common-notification-service-ext.appex */;
			productType = "com.apple.product-type.app-extension";
		};
		15E907252417D1B9008A5750 /* common */ = {
			isa = PBXNativeTarget;
			buildConfigurationList = 15E9073A2417D1BB008A5750 /* Build configuration list for PBXNativeTarget "common" */;
			buildPhases = (
				79F620E417EBC226F8CAED52 /* [CP] Check Pods Manifest.lock */,
				15E907222417D1B9008A5750 /* Sources */,
				15E907232417D1B9008A5750 /* Frameworks */,
				15E9073F2417D51B008A5750 /* Bundle React Native code and images */,
				15E907402417D541008A5750 /* Launch React Native Packager */,
				15E907242417D1B9008A5750 /* Resources */,
				15CD0315246E873C00EDADE2 /* Embed App Extensions */,
				D67AA8BF1C56E07D1E1FF40E /* [CP] Embed Pods Frameworks */,
				CAFA4702C41ECF472DEFB925 /* [CP] Copy Pods Resources */,
				90F274F5CE366737C5C8A6E9 /* [CP-User] [RNFB] Core Configuration */,
				04465EA3167DDD350AFD2383 /* [CP-User] [RNFB] Crashlytics Configuration */,
			);
			buildRules = (
			);
			dependencies = (
				15CD0323246E87AD00EDADE2 /* PBXTargetDependency */,
			);
			name = common;
			productName = common;
			productReference = 15E907262417D1B9008A5750 /* common.app */;
			productType = "com.apple.product-type.application";
		};
/* End PBXNativeTarget section */

/* Begin PBXProject section */
		15E9071E2417D1B9008A5750 /* Project object */ = {
			isa = PBXProject;
			attributes = {
				LastSwiftUpdateCheck = 1130;
				LastUpgradeCheck = 1130;
				ORGANIZATIONNAME = DAOstack;
				TargetAttributes = {
					15CD031C246E87AD00EDADE2 = {
						CreatedOnToolsVersion = 11.3.1;
					};
					15E907252417D1B9008A5750 = {
						CreatedOnToolsVersion = 11.3;
						LastSwiftMigration = 1130;
					};
				};
			};
			buildConfigurationList = 15E907212417D1B9008A5750 /* Build configuration list for PBXProject "common" */;
			compatibilityVersion = "Xcode 9.3";
			developmentRegion = en;
			hasScannedForEncodings = 0;
			knownRegions = (
				English,
				en,
				Base,
			);
			mainGroup = 15E9071D2417D1B9008A5750;
			productRefGroup = 15E907272417D1B9008A5750 /* Products */;
			projectDirPath = "";
			projectRoot = "";
			targets = (
				15E907252417D1B9008A5750 /* common */,
				15CD031C246E87AD00EDADE2 /* common-notification-service-ext */,
				151C202C2499E3F4006170CC /* common-stg */,
				151C20182499CEA3006170CC /* common-dev-notification-service-ext */,
			);
		};
/* End PBXProject section */

/* Begin PBXResourcesBuildPhase section */
		151C201C2499CEA3006170CC /* Resources */ = {
			isa = PBXResourcesBuildPhase;
			buildActionMask = 2147483647;
			files = (
				15AD00A424AB2E0F004FDADE /* Config.xcconfig in Resources */,
			);
			runOnlyForDeploymentPostprocessing = 0;
		};
		151C203E2499E3F4006170CC /* Resources */ = {
			isa = PBXResourcesBuildPhase;
			buildActionMask = 2147483647;
			files = (
				155E056E24DD58AA000BE6A4 /* NotoSerif-SemiBold.ttf in Resources */,
				153D23F924B5BE9A007E8F37 /* NunitoSans-Bold.ttf in Resources */,
				153D23FA24B5BE9A007E8F37 /* NunitoSans-Italic.ttf in Resources */,
				153D23FB24B5BE9A007E8F37 /* NunitoSans-Light.ttf in Resources */,
				153D23FC24B5BE9A007E8F37 /* NunitoSans-Regular.ttf in Resources */,
				153D23FD24B5BE9A007E8F37 /* NunitoSans-SemiBold.ttf in Resources */,
				153D23FE24B5BE9A007E8F37 /* Nunito-Regular.ttf in Resources */,
				151C203F2499E3F4006170CC /* LaunchScreen.storyboard in Resources */,
				151C20402499E3F4006170CC /* Assets.xcassets in Resources */,
				151C20412499E3F4006170CC /* Main.storyboard in Resources */,
				15AD00A524AB2E0F004FDADE /* Config.xcconfig in Resources */,
				151C20602499E503006170CC /* GoogleService-Info.plist in Resources */,
			);
			runOnlyForDeploymentPostprocessing = 0;
		};
		15CD031B246E87AD00EDADE2 /* Resources */ = {
			isa = PBXResourcesBuildPhase;
			buildActionMask = 2147483647;
			files = (
				15AD00A324AB2E0F004FDADE /* Config.xcconfig in Resources */,
			);
			runOnlyForDeploymentPostprocessing = 0;
		};
		15E907242417D1B9008A5750 /* Resources */ = {
			isa = PBXResourcesBuildPhase;
			buildActionMask = 2147483647;
			files = (
				15E907362417D1BB008A5750 /* LaunchScreen.storyboard in Resources */,
				15E907332417D1BB008A5750 /* Assets.xcassets in Resources */,
				15E907312417D1B9008A5750 /* Main.storyboard in Resources */,
				15AD00A224AB2E0F004FDADE /* Config.xcconfig in Resources */,
				151C20622499E99B006170CC /* GoogleService-Info.plist in Resources */,
				9932C9CC0B2948FE94025468 /* NunitoSans-Bold.ttf in Resources */,
				FCD9335756174A92AE4AC3F6 /* NunitoSans-Italic.ttf in Resources */,
				CDD5E5B60C08404981150417 /* NunitoSans-Light.ttf in Resources */,
				88F102D71F0644038ECC212B /* NunitoSans-Regular.ttf in Resources */,
				CF0B3799DD99422BA7B8AE3C /* NunitoSans-SemiBold.ttf in Resources */,
				1F88078D5AE44AD180187B06 /* Nunito-Regular.ttf in Resources */,
				633AADEFA12A4EEF840ED24D /* NotoSerif-SemiBold.ttf in Resources */,
			);
			runOnlyForDeploymentPostprocessing = 0;
		};
/* End PBXResourcesBuildPhase section */

/* Begin PBXShellScriptBuildPhase section */
		04465EA3167DDD350AFD2383 /* [CP-User] [RNFB] Crashlytics Configuration */ = {
			isa = PBXShellScriptBuildPhase;
			buildActionMask = 2147483647;
			files = (
			);
			name = "[CP-User] [RNFB] Crashlytics Configuration";
			runOnlyForDeploymentPostprocessing = 0;
			shellPath = /bin/sh;
			shellScript = "#!/usr/bin/env bash\n#\n# Copyright (c) 2016-present Invertase Limited & Contributors\n#\n# Licensed under the Apache License, Version 2.0 (the \"License\");\n# you may not use this library except in compliance with the License.\n# You may obtain a copy of the License at\n#\n#   http://www.apache.org/licenses/LICENSE-2.0\n#\n# Unless required by applicable law or agreed to in writing, software\n# distributed under the License is distributed on an \"AS IS\" BASIS,\n# WITHOUT WARRANTIES OR CONDITIONS OF ANY KIND, either express or implied.\n# See the License for the specific language governing permissions and\n# limitations under the License.\n#\nset -e\n\nif [[ ${PODS_ROOT} ]]; then\n  echo \"info: Exec FirebaseCrashlytics Run from Pods\"\n  \"${PODS_ROOT}/FirebaseCrashlytics/run\"\nelse\n  echo \"info: Exec FirebaseCrashlytics Run from framework\"\n  \"${PROJECT_DIR}/FirebaseCrashlytics.framework/run\"\nfi\n";
		};
		151C203B2499E3F4006170CC /* Bundle React Native code and images */ = {
			isa = PBXShellScriptBuildPhase;
			buildActionMask = 2147483647;
			files = (
			);
			inputFileListPaths = (
			);
			inputPaths = (
			);
			name = "Bundle React Native code and images";
			outputFileListPaths = (
			);
			outputPaths = (
			);
			runOnlyForDeploymentPostprocessing = 0;
			shellPath = /bin/sh;
			shellScript = "export NODE_BINARY=node\n../node_modules/react-native/scripts/react-native-xcode.sh\n";
		};
		151C203D2499E3F4006170CC /* Launch React Native Packager */ = {
			isa = PBXShellScriptBuildPhase;
			buildActionMask = 2147483647;
			files = (
			);
			inputFileListPaths = (
			);
			inputPaths = (
			);
			name = "Launch React Native Packager";
			outputFileListPaths = (
			);
			outputPaths = (
			);
			runOnlyForDeploymentPostprocessing = 0;
			shellPath = /bin/sh;
			shellScript = "# Launch React Native Packager\nif nc -w 5 -z localhost 8081 ; then\nif ! curl -s \"http://localhost:8081/status\" | grep -q \"packager-status:running\" ; then\necho \"Port 8081 already in use, packager is either not running or not running correctly\"\nexit 2\nfi\nelse\nopen -a Terminal $SRCROOT/../node_modules/react-native/scripts/launchPackager.command || echo \"Can't start packager automatically\"\nfi\n";
		};
		15E9073F2417D51B008A5750 /* Bundle React Native code and images */ = {
			isa = PBXShellScriptBuildPhase;
			buildActionMask = 2147483647;
			files = (
			);
			inputFileListPaths = (
			);
			inputPaths = (
			);
			name = "Bundle React Native code and images";
			outputFileListPaths = (
			);
			outputPaths = (
			);
			runOnlyForDeploymentPostprocessing = 0;
			shellPath = /bin/sh;
			shellScript = "export NODE_BINARY=node\n../node_modules/react-native/scripts/react-native-xcode.sh\n";
		};
		15E907402417D541008A5750 /* Launch React Native Packager */ = {
			isa = PBXShellScriptBuildPhase;
			buildActionMask = 2147483647;
			files = (
			);
			inputFileListPaths = (
			);
			inputPaths = (
			);
			name = "Launch React Native Packager";
			outputFileListPaths = (
			);
			outputPaths = (
			);
			runOnlyForDeploymentPostprocessing = 0;
			shellPath = /bin/sh;
			shellScript = "# Launch React Native Packager\nif nc -w 5 -z localhost 8081 ; then\nif ! curl -s \"http://localhost:8081/status\" | grep -q \"packager-status:running\" ; then\necho \"Port 8081 already in use, packager is either not running or not running correctly\"\nexit 2\nfi\nelse\nopen -a Terminal $SRCROOT/../node_modules/react-native/scripts/launchPackager.command || echo \"Can't start packager automatically\"\nfi\n";
		};
		6D16BA5388657A078816E949 /* [CP] Check Pods Manifest.lock */ = {
			isa = PBXShellScriptBuildPhase;
			buildActionMask = 2147483647;
			files = (
			);
			inputFileListPaths = (
			);
			inputPaths = (
				"${PODS_PODFILE_DIR_PATH}/Podfile.lock",
				"${PODS_ROOT}/Manifest.lock",
			);
			name = "[CP] Check Pods Manifest.lock";
			outputFileListPaths = (
			);
			outputPaths = (
				"$(DERIVED_FILE_DIR)/Pods-common-stg-checkManifestLockResult.txt",
			);
			runOnlyForDeploymentPostprocessing = 0;
			shellPath = /bin/sh;
			shellScript = "diff \"${PODS_PODFILE_DIR_PATH}/Podfile.lock\" \"${PODS_ROOT}/Manifest.lock\" > /dev/null\nif [ $? != 0 ] ; then\n    # print error to STDERR\n    echo \"error: The sandbox is not in sync with the Podfile.lock. Run 'pod install' or update your CocoaPods installation.\" >&2\n    exit 1\nfi\n# This output is used by Xcode 'outputs' to avoid re-running this script phase.\necho \"SUCCESS\" > \"${SCRIPT_OUTPUT_FILE_0}\"\n";
			showEnvVarsInLog = 0;
		};
		79F620E417EBC226F8CAED52 /* [CP] Check Pods Manifest.lock */ = {
			isa = PBXShellScriptBuildPhase;
			buildActionMask = 2147483647;
			files = (
			);
			inputFileListPaths = (
			);
			inputPaths = (
				"${PODS_PODFILE_DIR_PATH}/Podfile.lock",
				"${PODS_ROOT}/Manifest.lock",
			);
			name = "[CP] Check Pods Manifest.lock";
			outputFileListPaths = (
			);
			outputPaths = (
				"$(DERIVED_FILE_DIR)/Pods-common-checkManifestLockResult.txt",
			);
			runOnlyForDeploymentPostprocessing = 0;
			shellPath = /bin/sh;
			shellScript = "diff \"${PODS_PODFILE_DIR_PATH}/Podfile.lock\" \"${PODS_ROOT}/Manifest.lock\" > /dev/null\nif [ $? != 0 ] ; then\n    # print error to STDERR\n    echo \"error: The sandbox is not in sync with the Podfile.lock. Run 'pod install' or update your CocoaPods installation.\" >&2\n    exit 1\nfi\n# This output is used by Xcode 'outputs' to avoid re-running this script phase.\necho \"SUCCESS\" > \"${SCRIPT_OUTPUT_FILE_0}\"\n";
			showEnvVarsInLog = 0;
		};
		8445570E72FFB9CB56511080 /* [CP] Embed Pods Frameworks */ = {
			isa = PBXShellScriptBuildPhase;
			buildActionMask = 2147483647;
			files = (
			);
			inputFileListPaths = (
				"${PODS_ROOT}/Target Support Files/Pods-common-stg/Pods-common-stg-frameworks-${CONFIGURATION}-input-files.xcfilelist",
			);
			name = "[CP] Embed Pods Frameworks";
			outputFileListPaths = (
				"${PODS_ROOT}/Target Support Files/Pods-common-stg/Pods-common-stg-frameworks-${CONFIGURATION}-output-files.xcfilelist",
			);
			runOnlyForDeploymentPostprocessing = 0;
			shellPath = /bin/sh;
			shellScript = "\"${PODS_ROOT}/Target Support Files/Pods-common-stg/Pods-common-stg-frameworks.sh\"\n";
			showEnvVarsInLog = 0;
		};
		90F274F5CE366737C5C8A6E9 /* [CP-User] [RNFB] Core Configuration */ = {
			isa = PBXShellScriptBuildPhase;
			buildActionMask = 2147483647;
			files = (
			);
			name = "[CP-User] [RNFB] Core Configuration";
			runOnlyForDeploymentPostprocessing = 0;
			shellPath = /bin/sh;
			shellScript = "#!/usr/bin/env bash\n#\n# Copyright (c) 2016-present Invertase Limited & Contributors\n#\n# Licensed under the Apache License, Version 2.0 (the \"License\");\n# you may not use this library except in compliance with the License.\n# You may obtain a copy of the License at\n#\n#   http://www.apache.org/licenses/LICENSE-2.0\n#\n# Unless required by applicable law or agreed to in writing, software\n# distributed under the License is distributed on an \"AS IS\" BASIS,\n# WITHOUT WARRANTIES OR CONDITIONS OF ANY KIND, either express or implied.\n# See the License for the specific language governing permissions and\n# limitations under the License.\n#\nset -e\n\n_MAX_LOOKUPS=2;\n_SEARCH_RESULT=''\n_RN_ROOT_EXISTS=''\n_CURRENT_LOOKUPS=1\n_JSON_ROOT=\"'react-native'\"\n_JSON_FILE_NAME='firebase.json'\n_JSON_OUTPUT_BASE64='e30=' # { }\n_CURRENT_SEARCH_DIR=${PROJECT_DIR}\n_PLIST_BUDDY=/usr/libexec/PlistBuddy\n_TARGET_PLIST=\"${BUILT_PRODUCTS_DIR}/${INFOPLIST_PATH}\"\n_DSYM_PLIST=\"${DWARF_DSYM_FOLDER_PATH}/${DWARF_DSYM_FILE_NAME}/Contents/Info.plist\"\n\n# plist arrays\n_PLIST_ENTRY_KEYS=()\n_PLIST_ENTRY_TYPES=()\n_PLIST_ENTRY_VALUES=()\n\nfunction setPlistValue {\n  echo \"info:      setting plist entry '$1' of type '$2' in file '$4'\"\n  ${_PLIST_BUDDY} -c \"Add :$1 $2 '$3'\" $4 || echo \"info:      '$1' already exists\"\n}\n\nfunction getFirebaseJsonKeyValue () {\n  if [[ ${_RN_ROOT_EXISTS} ]]; then\n    ruby -e \"require 'rubygems';require 'json'; output=JSON.parse('$1'); puts output[$_JSON_ROOT]['$2']\"\n  else\n    echo \"\"\n  fi;\n}\n\nfunction jsonBoolToYesNo () {\n  if [[ $1 == \"false\" ]]; then\n    echo \"NO\"\n  elif [[ $1 == \"true\" ]]; then\n    echo \"YES\"\n  else echo \"NO\"\n  fi\n}\n\necho \"info: -> RNFB build script started\"\necho \"info: 1) Locating ${_JSON_FILE_NAME} file:\"\n\nif [[ -z ${_CURRENT_SEARCH_DIR} ]]; then\n  _CURRENT_SEARCH_DIR=$(pwd)\nfi;\n\nwhile true; do\n  _CURRENT_SEARCH_DIR=$(dirname \"$_CURRENT_SEARCH_DIR\")\n  if [[ \"$_CURRENT_SEARCH_DIR\" == \"/\" ]] || [[ ${_CURRENT_LOOKUPS} -gt ${_MAX_LOOKUPS} ]]; then break; fi;\n  echo \"info:      ($_CURRENT_LOOKUPS of $_MAX_LOOKUPS) Searching in '$_CURRENT_SEARCH_DIR' for a ${_JSON_FILE_NAME} file.\"\n  _SEARCH_RESULT=$(find \"$_CURRENT_SEARCH_DIR\" -maxdepth 2 -name ${_JSON_FILE_NAME} -print | head -n 1)\n  if [[ ${_SEARCH_RESULT} ]]; then\n    echo \"info:      ${_JSON_FILE_NAME} found at $_SEARCH_RESULT\"\n    break;\n  fi;\n  _CURRENT_LOOKUPS=$((_CURRENT_LOOKUPS+1))\ndone\n\nif [[ ${_SEARCH_RESULT} ]]; then\n  _JSON_OUTPUT_RAW=$(cat \"${_SEARCH_RESULT}\")\n  _RN_ROOT_EXISTS=$(ruby -e \"require 'rubygems';require 'json'; output=JSON.parse('$_JSON_OUTPUT_RAW'); puts output[$_JSON_ROOT]\" || echo '')\n\n  if [[ ${_RN_ROOT_EXISTS} ]]; then\n    _JSON_OUTPUT_BASE64=$(python -c 'import json,sys,base64;print(base64.b64encode(json.dumps(json.loads(open('\"'${_SEARCH_RESULT}'\"').read())['${_JSON_ROOT}'])))' || echo \"e30=\")\n  fi\n\n  _PLIST_ENTRY_KEYS+=(\"firebase_json_raw\")\n  _PLIST_ENTRY_TYPES+=(\"string\")\n  _PLIST_ENTRY_VALUES+=(\"$_JSON_OUTPUT_BASE64\")\n\n  # config.messaging_auto_init_enabled\n  _MESSAGING_AUTO_INIT=$(getFirebaseJsonKeyValue \"$_JSON_OUTPUT_RAW\" \"messaging_auto_init_enabled\")\n  if [[ $_MESSAGING_AUTO_INIT ]]; then\n    _PLIST_ENTRY_KEYS+=(\"FirebaseMessagingAutoInitEnabled\")\n    _PLIST_ENTRY_TYPES+=(\"bool\")\n    _PLIST_ENTRY_VALUES+=(\"$(jsonBoolToYesNo \"$_MESSAGING_AUTO_INIT\")\")\n  fi\n\n  # config.crashlytics_disable_auto_disabler - undocumented for now - mainly for debugging, document if becomes usful\n  _CRASHLYTICS_AUTO_DISABLE_ENABLED=$(getFirebaseJsonKeyValue \"$_JSON_OUTPUT_RAW\" \"crashlytics_disable_auto_disabler\")\n  if [[ $_CRASHLYTICS_AUTO_DISABLE_ENABLED == \"true\" ]]; then\n    echo \"Disabled Crashlytics auto disabler.\" # do nothing\n  else\n    _PLIST_ENTRY_KEYS+=(\"FirebaseCrashlyticsCollectionEnabled\")\n    _PLIST_ENTRY_TYPES+=(\"bool\")\n    _PLIST_ENTRY_VALUES+=(\"NO\")\n  fi\n\n  # config.admob_delay_app_measurement_init\n  _ADMOB_DELAY_APP_MEASUREMENT=$(getFirebaseJsonKeyValue \"$_JSON_OUTPUT_RAW\" \"admob_delay_app_measurement_init\")\n  if [[ $_ADMOB_DELAY_APP_MEASUREMENT == \"true\" ]]; then\n    _PLIST_ENTRY_KEYS+=(\"GADDelayAppMeasurementInit\")\n    _PLIST_ENTRY_TYPES+=(\"bool\")\n    _PLIST_ENTRY_VALUES+=(\"YES\")\n  fi\n\n  # config.admob_ios_app_id\n  _ADMOB_IOS_APP_ID=$(getFirebaseJsonKeyValue \"$_JSON_OUTPUT_RAW\" \"admob_ios_app_id\")\n  if [[ $_ADMOB_IOS_APP_ID ]]; then\n    _PLIST_ENTRY_KEYS+=(\"GADApplicationIdentifier\")\n    _PLIST_ENTRY_TYPES+=(\"string\")\n    _PLIST_ENTRY_VALUES+=(\"$_ADMOB_IOS_APP_ID\")\n  fi\nelse\n  _PLIST_ENTRY_KEYS+=(\"firebase_json_raw\")\n  _PLIST_ENTRY_TYPES+=(\"string\")\n  _PLIST_ENTRY_VALUES+=(\"$_JSON_OUTPUT_BASE64\")\n  echo \"warning:   A firebase.json file was not found, whilst this file is optional it is recommended to include it to configure firebase services in React Native Firebase.\"\nfi;\n\necho \"info: 2) Injecting Info.plist entries: \"\n\n# Log out the keys we're adding\nfor i in \"${!_PLIST_ENTRY_KEYS[@]}\"; do\n  echo \"    ->  $i) ${_PLIST_ENTRY_KEYS[$i]}\" \"${_PLIST_ENTRY_TYPES[$i]}\" \"${_PLIST_ENTRY_VALUES[$i]}\"\ndone\n\nfor plist in \"${_TARGET_PLIST}\" \"${_DSYM_PLIST}\" ; do\n  if [[ -f \"${plist}\" ]]; then\n\n    # paths with spaces break the call to setPlistValue. temporarily modify\n    # the shell internal field separator variable (IFS), which normally \n    # includes spaces, to consist only of line breaks\n    oldifs=$IFS\n    IFS=\"\n\"\n\n    for i in \"${!_PLIST_ENTRY_KEYS[@]}\"; do\n      setPlistValue \"${_PLIST_ENTRY_KEYS[$i]}\" \"${_PLIST_ENTRY_TYPES[$i]}\" \"${_PLIST_ENTRY_VALUES[$i]}\" \"${plist}\"\n    done\n\n    # restore the original internal field separator value\n    IFS=$oldifs\n  else\n    echo \"warning:   A Info.plist build output file was not found (${plist})\"\n  fi\ndone\n\necho \"info: <- RNFB build script finished\"\n\n";
		};
		9260AED6260B808DCE7A30B3 /* [CP-User] [RNFB] Core Configuration */ = {
			isa = PBXShellScriptBuildPhase;
			buildActionMask = 2147483647;
			files = (
			);
			name = "[CP-User] [RNFB] Core Configuration";
			runOnlyForDeploymentPostprocessing = 0;
			shellPath = /bin/sh;
			shellScript = "#!/usr/bin/env bash\n#\n# Copyright (c) 2016-present Invertase Limited & Contributors\n#\n# Licensed under the Apache License, Version 2.0 (the \"License\");\n# you may not use this library except in compliance with the License.\n# You may obtain a copy of the License at\n#\n#   http://www.apache.org/licenses/LICENSE-2.0\n#\n# Unless required by applicable law or agreed to in writing, software\n# distributed under the License is distributed on an \"AS IS\" BASIS,\n# WITHOUT WARRANTIES OR CONDITIONS OF ANY KIND, either express or implied.\n# See the License for the specific language governing permissions and\n# limitations under the License.\n#\nset -e\n\n_MAX_LOOKUPS=2;\n_SEARCH_RESULT=''\n_RN_ROOT_EXISTS=''\n_CURRENT_LOOKUPS=1\n_JSON_ROOT=\"'react-native'\"\n_JSON_FILE_NAME='firebase.json'\n_JSON_OUTPUT_BASE64='e30=' # { }\n_CURRENT_SEARCH_DIR=${PROJECT_DIR}\n_PLIST_BUDDY=/usr/libexec/PlistBuddy\n_TARGET_PLIST=\"${BUILT_PRODUCTS_DIR}/${INFOPLIST_PATH}\"\n_DSYM_PLIST=\"${DWARF_DSYM_FOLDER_PATH}/${DWARF_DSYM_FILE_NAME}/Contents/Info.plist\"\n\n# plist arrays\n_PLIST_ENTRY_KEYS=()\n_PLIST_ENTRY_TYPES=()\n_PLIST_ENTRY_VALUES=()\n\nfunction setPlistValue {\n  echo \"info:      setting plist entry '$1' of type '$2' in file '$4'\"\n  ${_PLIST_BUDDY} -c \"Add :$1 $2 '$3'\" $4 || echo \"info:      '$1' already exists\"\n}\n\nfunction getFirebaseJsonKeyValue () {\n  if [[ ${_RN_ROOT_EXISTS} ]]; then\n    ruby -e \"require 'rubygems';require 'json'; output=JSON.parse('$1'); puts output[$_JSON_ROOT]['$2']\"\n  else\n    echo \"\"\n  fi;\n}\n\nfunction jsonBoolToYesNo () {\n  if [[ $1 == \"false\" ]]; then\n    echo \"NO\"\n  elif [[ $1 == \"true\" ]]; then\n    echo \"YES\"\n  else echo \"NO\"\n  fi\n}\n\necho \"info: -> RNFB build script started\"\necho \"info: 1) Locating ${_JSON_FILE_NAME} file:\"\n\nif [[ -z ${_CURRENT_SEARCH_DIR} ]]; then\n  _CURRENT_SEARCH_DIR=$(pwd)\nfi;\n\nwhile true; do\n  _CURRENT_SEARCH_DIR=$(dirname \"$_CURRENT_SEARCH_DIR\")\n  if [[ \"$_CURRENT_SEARCH_DIR\" == \"/\" ]] || [[ ${_CURRENT_LOOKUPS} -gt ${_MAX_LOOKUPS} ]]; then break; fi;\n  echo \"info:      ($_CURRENT_LOOKUPS of $_MAX_LOOKUPS) Searching in '$_CURRENT_SEARCH_DIR' for a ${_JSON_FILE_NAME} file.\"\n  _SEARCH_RESULT=$(find \"$_CURRENT_SEARCH_DIR\" -maxdepth 2 -name ${_JSON_FILE_NAME} -print | head -n 1)\n  if [[ ${_SEARCH_RESULT} ]]; then\n    echo \"info:      ${_JSON_FILE_NAME} found at $_SEARCH_RESULT\"\n    break;\n  fi;\n  _CURRENT_LOOKUPS=$((_CURRENT_LOOKUPS+1))\ndone\n\nif [[ ${_SEARCH_RESULT} ]]; then\n  _JSON_OUTPUT_RAW=$(cat \"${_SEARCH_RESULT}\")\n  _RN_ROOT_EXISTS=$(ruby -e \"require 'rubygems';require 'json'; output=JSON.parse('$_JSON_OUTPUT_RAW'); puts output[$_JSON_ROOT]\" || echo '')\n\n  if [[ ${_RN_ROOT_EXISTS} ]]; then\n    _JSON_OUTPUT_BASE64=$(python -c 'import json,sys,base64;print(base64.b64encode(json.dumps(json.loads(open('\"'${_SEARCH_RESULT}'\"').read())['${_JSON_ROOT}'])))' || echo \"e30=\")\n  fi\n\n  _PLIST_ENTRY_KEYS+=(\"firebase_json_raw\")\n  _PLIST_ENTRY_TYPES+=(\"string\")\n  _PLIST_ENTRY_VALUES+=(\"$_JSON_OUTPUT_BASE64\")\n\n  # config.messaging_auto_init_enabled\n  _MESSAGING_AUTO_INIT=$(getFirebaseJsonKeyValue \"$_JSON_OUTPUT_RAW\" \"messaging_auto_init_enabled\")\n  if [[ $_MESSAGING_AUTO_INIT ]]; then\n    _PLIST_ENTRY_KEYS+=(\"FirebaseMessagingAutoInitEnabled\")\n    _PLIST_ENTRY_TYPES+=(\"bool\")\n    _PLIST_ENTRY_VALUES+=(\"$(jsonBoolToYesNo \"$_MESSAGING_AUTO_INIT\")\")\n  fi\n\n  # config.crashlytics_disable_auto_disabler - undocumented for now - mainly for debugging, document if becomes usful\n  _CRASHLYTICS_AUTO_DISABLE_ENABLED=$(getFirebaseJsonKeyValue \"$_JSON_OUTPUT_RAW\" \"crashlytics_disable_auto_disabler\")\n  if [[ $_CRASHLYTICS_AUTO_DISABLE_ENABLED == \"true\" ]]; then\n    echo \"Disabled Crashlytics auto disabler.\" # do nothing\n  else\n    _PLIST_ENTRY_KEYS+=(\"FirebaseCrashlyticsCollectionEnabled\")\n    _PLIST_ENTRY_TYPES+=(\"bool\")\n    _PLIST_ENTRY_VALUES+=(\"NO\")\n  fi\n\n  # config.admob_delay_app_measurement_init\n  _ADMOB_DELAY_APP_MEASUREMENT=$(getFirebaseJsonKeyValue \"$_JSON_OUTPUT_RAW\" \"admob_delay_app_measurement_init\")\n  if [[ $_ADMOB_DELAY_APP_MEASUREMENT == \"true\" ]]; then\n    _PLIST_ENTRY_KEYS+=(\"GADDelayAppMeasurementInit\")\n    _PLIST_ENTRY_TYPES+=(\"bool\")\n    _PLIST_ENTRY_VALUES+=(\"YES\")\n  fi\n\n  # config.admob_ios_app_id\n  _ADMOB_IOS_APP_ID=$(getFirebaseJsonKeyValue \"$_JSON_OUTPUT_RAW\" \"admob_ios_app_id\")\n  if [[ $_ADMOB_IOS_APP_ID ]]; then\n    _PLIST_ENTRY_KEYS+=(\"GADApplicationIdentifier\")\n    _PLIST_ENTRY_TYPES+=(\"string\")\n    _PLIST_ENTRY_VALUES+=(\"$_ADMOB_IOS_APP_ID\")\n  fi\nelse\n  _PLIST_ENTRY_KEYS+=(\"firebase_json_raw\")\n  _PLIST_ENTRY_TYPES+=(\"string\")\n  _PLIST_ENTRY_VALUES+=(\"$_JSON_OUTPUT_BASE64\")\n  echo \"warning:   A firebase.json file was not found, whilst this file is optional it is recommended to include it to configure firebase services in React Native Firebase.\"\nfi;\n\necho \"info: 2) Injecting Info.plist entries: \"\n\n# Log out the keys we're adding\nfor i in \"${!_PLIST_ENTRY_KEYS[@]}\"; do\n  echo \"    ->  $i) ${_PLIST_ENTRY_KEYS[$i]}\" \"${_PLIST_ENTRY_TYPES[$i]}\" \"${_PLIST_ENTRY_VALUES[$i]}\"\ndone\n\nfor plist in \"${_TARGET_PLIST}\" \"${_DSYM_PLIST}\" ; do\n  if [[ -f \"${plist}\" ]]; then\n\n    # paths with spaces break the call to setPlistValue. temporarily modify\n    # the shell internal field separator variable (IFS), which normally \n    # includes spaces, to consist only of line breaks\n    oldifs=$IFS\n    IFS=\"\n\"\n\n    for i in \"${!_PLIST_ENTRY_KEYS[@]}\"; do\n      setPlistValue \"${_PLIST_ENTRY_KEYS[$i]}\" \"${_PLIST_ENTRY_TYPES[$i]}\" \"${_PLIST_ENTRY_VALUES[$i]}\" \"${plist}\"\n    done\n\n    # restore the original internal field separator value\n    IFS=$oldifs\n  else\n    echo \"warning:   A Info.plist build output file was not found (${plist})\"\n  fi\ndone\n\necho \"info: <- RNFB build script finished\"\n\n";
		};
		A1739A1D167877922DDADE04 /* [CP] Copy Pods Resources */ = {
			isa = PBXShellScriptBuildPhase;
			buildActionMask = 2147483647;
			files = (
			);
			inputFileListPaths = (
				"${PODS_ROOT}/Target Support Files/Pods-common-stg/Pods-common-stg-resources-${CONFIGURATION}-input-files.xcfilelist",
			);
			name = "[CP] Copy Pods Resources";
			outputFileListPaths = (
				"${PODS_ROOT}/Target Support Files/Pods-common-stg/Pods-common-stg-resources-${CONFIGURATION}-output-files.xcfilelist",
			);
			runOnlyForDeploymentPostprocessing = 0;
			shellPath = /bin/sh;
			shellScript = "\"${PODS_ROOT}/Target Support Files/Pods-common-stg/Pods-common-stg-resources.sh\"\n";
			showEnvVarsInLog = 0;
		};
		CAFA4702C41ECF472DEFB925 /* [CP] Copy Pods Resources */ = {
			isa = PBXShellScriptBuildPhase;
			buildActionMask = 2147483647;
			files = (
			);
			inputFileListPaths = (
				"${PODS_ROOT}/Target Support Files/Pods-common/Pods-common-resources-${CONFIGURATION}-input-files.xcfilelist",
			);
			name = "[CP] Copy Pods Resources";
			outputFileListPaths = (
				"${PODS_ROOT}/Target Support Files/Pods-common/Pods-common-resources-${CONFIGURATION}-output-files.xcfilelist",
			);
			runOnlyForDeploymentPostprocessing = 0;
			shellPath = /bin/sh;
			shellScript = "\"${PODS_ROOT}/Target Support Files/Pods-common/Pods-common-resources.sh\"\n";
			showEnvVarsInLog = 0;
		};
		D67AA8BF1C56E07D1E1FF40E /* [CP] Embed Pods Frameworks */ = {
			isa = PBXShellScriptBuildPhase;
			buildActionMask = 2147483647;
			files = (
			);
			inputFileListPaths = (
				"${PODS_ROOT}/Target Support Files/Pods-common/Pods-common-frameworks-${CONFIGURATION}-input-files.xcfilelist",
			);
			name = "[CP] Embed Pods Frameworks";
			outputFileListPaths = (
				"${PODS_ROOT}/Target Support Files/Pods-common/Pods-common-frameworks-${CONFIGURATION}-output-files.xcfilelist",
			);
			runOnlyForDeploymentPostprocessing = 0;
			shellPath = /bin/sh;
			shellScript = "\"${PODS_ROOT}/Target Support Files/Pods-common/Pods-common-frameworks.sh\"\n";
			showEnvVarsInLog = 0;
		};
		F59087DF711A77B97C074F4F /* [CP-User] [RNFB] Crashlytics Configuration */ = {
			isa = PBXShellScriptBuildPhase;
			buildActionMask = 2147483647;
			files = (
			);
			name = "[CP-User] [RNFB] Crashlytics Configuration";
			runOnlyForDeploymentPostprocessing = 0;
			shellPath = /bin/sh;
			shellScript = "#!/usr/bin/env bash\n#\n# Copyright (c) 2016-present Invertase Limited & Contributors\n#\n# Licensed under the Apache License, Version 2.0 (the \"License\");\n# you may not use this library except in compliance with the License.\n# You may obtain a copy of the License at\n#\n#   http://www.apache.org/licenses/LICENSE-2.0\n#\n# Unless required by applicable law or agreed to in writing, software\n# distributed under the License is distributed on an \"AS IS\" BASIS,\n# WITHOUT WARRANTIES OR CONDITIONS OF ANY KIND, either express or implied.\n# See the License for the specific language governing permissions and\n# limitations under the License.\n#\nset -e\n\nif [[ ${PODS_ROOT} ]]; then\n  echo \"info: Exec FirebaseCrashlytics Run from Pods\"\n  \"${PODS_ROOT}/FirebaseCrashlytics/run\"\nelse\n  echo \"info: Exec FirebaseCrashlytics Run from framework\"\n  \"${PROJECT_DIR}/FirebaseCrashlytics.framework/run\"\nfi\n";
		};
/* End PBXShellScriptBuildPhase section */

/* Begin PBXSourcesBuildPhase section */
		151C20192499CEA3006170CC /* Sources */ = {
			isa = PBXSourcesBuildPhase;
			buildActionMask = 2147483647;
			files = (
				151C201A2499CEA3006170CC /* NotificationService.swift in Sources */,
			);
			runOnlyForDeploymentPostprocessing = 0;
		};
		151C20302499E3F4006170CC /* Sources */ = {
			isa = PBXSourcesBuildPhase;
			buildActionMask = 2147483647;
			files = (
				151C20312499E3F4006170CC /* String+Extension.swift in Sources */,
				151C20322499E3F4006170CC /* CryptoTools.swift in Sources */,
				151C20332499E3F4006170CC /* WalletModule.swift in Sources */,
				151C20342499E3F4006170CC /* WalletManager.swift in Sources */,
				151C20352499E3F4006170CC /* ViewController.swift in Sources */,
				151C20362499E3F4006170CC /* RNBridge.m in Sources */,
				151C20372499E3F4006170CC /* AppDelegate.swift in Sources */,
				151C20382499E3F4006170CC /* WalletManager+Error.swift in Sources */,
			);
			runOnlyForDeploymentPostprocessing = 0;
		};
		15CD0319246E87AD00EDADE2 /* Sources */ = {
			isa = PBXSourcesBuildPhase;
			buildActionMask = 2147483647;
			files = (
				15CD0320246E87AD00EDADE2 /* NotificationService.swift in Sources */,
			);
			runOnlyForDeploymentPostprocessing = 0;
		};
		15E907222417D1B9008A5750 /* Sources */ = {
			isa = PBXSourcesBuildPhase;
			buildActionMask = 2147483647;
			files = (
				15E1ED13241B3A2C00651ACD /* String+Extension.swift in Sources */,
				15E1ED15241B3B8D00651ACD /* CryptoTools.swift in Sources */,
				15E1ED09241A298900651ACD /* WalletModule.swift in Sources */,
				15E1ED02241A26D600651ACD /* WalletManager.swift in Sources */,
				15E9072E2417D1B9008A5750 /* ViewController.swift in Sources */,
				15E1ED07241A296400651ACD /* RNBridge.m in Sources */,
				15E9072A2417D1B9008A5750 /* AppDelegate.swift in Sources */,
				15E1ED0F241B363C00651ACD /* WalletManager+Error.swift in Sources */,
			);
			runOnlyForDeploymentPostprocessing = 0;
		};
/* End PBXSourcesBuildPhase section */

/* Begin PBXTargetDependency section */
		151C20562499E4C4006170CC /* PBXTargetDependency */ = {
			isa = PBXTargetDependency;
			target = 151C20182499CEA3006170CC /* common-dev-notification-service-ext */;
			targetProxy = 151C20552499E4C4006170CC /* PBXContainerItemProxy */;
		};
		15CD0323246E87AD00EDADE2 /* PBXTargetDependency */ = {
			isa = PBXTargetDependency;
			target = 15CD031C246E87AD00EDADE2 /* common-notification-service-ext */;
			targetProxy = 15CD0322246E87AD00EDADE2 /* PBXContainerItemProxy */;
		};
/* End PBXTargetDependency section */

/* Begin PBXVariantGroup section */
		15E9072F2417D1B9008A5750 /* Main.storyboard */ = {
			isa = PBXVariantGroup;
			children = (
				15E907302417D1B9008A5750 /* Base */,
			);
			name = Main.storyboard;
			sourceTree = "<group>";
		};
		15E907342417D1BB008A5750 /* LaunchScreen.storyboard */ = {
			isa = PBXVariantGroup;
			children = (
				15E907352417D1BB008A5750 /* Base */,
			);
			name = LaunchScreen.storyboard;
			sourceTree = "<group>";
		};
/* End PBXVariantGroup section */

/* Begin XCBuildConfiguration section */
		151C201E2499CEA3006170CC /* Debug */ = {
			isa = XCBuildConfiguration;
			buildSettings = {
				CODE_SIGN_STYLE = Automatic;
				CURRENT_PROJECT_VERSION = 2;
				DEVELOPMENT_TEAM = 66CXPKJ7ZA;
				INFOPLIST_FILE = "common-notification-service-ext copy-Info.plist";
				IPHONEOS_DEPLOYMENT_TARGET = 10.0;
				LD_RUNPATH_SEARCH_PATHS = (
					"$(inherited)",
					"@executable_path/Frameworks",
					"@executable_path/../../Frameworks",
				);
				MARKETING_VERSION = 1.5;
				PRODUCT_BUNDLE_IDENTIFIER = "com.daostack.common.staging.common-notification-service-ext";
				PRODUCT_NAME = "common-dev-notification-service-ext";
				SKIP_INSTALL = YES;
				SWIFT_VERSION = 5.0;
				TARGETED_DEVICE_FAMILY = 1;
			};
			name = Debug;
		};
		151C201F2499CEA3006170CC /* Release */ = {
			isa = XCBuildConfiguration;
			buildSettings = {
				CODE_SIGN_STYLE = Automatic;
				CURRENT_PROJECT_VERSION = 2;
				DEVELOPMENT_TEAM = 66CXPKJ7ZA;
				INFOPLIST_FILE = "common-notification-service-ext copy-Info.plist";
				IPHONEOS_DEPLOYMENT_TARGET = 10.0;
				LD_RUNPATH_SEARCH_PATHS = (
					"$(inherited)",
					"@executable_path/Frameworks",
					"@executable_path/../../Frameworks",
				);
				MARKETING_VERSION = 1.5;
				PRODUCT_BUNDLE_IDENTIFIER = "com.daostack.common.staging.common-notification-service-ext";
				PRODUCT_NAME = "common-dev-notification-service-ext";
				SKIP_INSTALL = YES;
				SWIFT_VERSION = 5.0;
				TARGETED_DEVICE_FAMILY = 1;
			};
			name = Release;
		};
		151C20502499E3F4006170CC /* Debug */ = {
			isa = XCBuildConfiguration;
			baseConfigurationReference = 39E20148204889116EC54866 /* Pods-common-stg.debug.xcconfig */;
			buildSettings = {
				ASSETCATALOG_COMPILER_APPICON_NAME = AppIcon;
				CLANG_ENABLE_MODULES = YES;
				CODE_SIGN_ENTITLEMENTS = common/common.entitlements;
				CODE_SIGN_IDENTITY = "Apple Development";
				CODE_SIGN_STYLE = Automatic;
				CURRENT_PROJECT_VERSION = 3;
				DEVELOPMENT_TEAM = 66CXPKJ7ZA;
				INFOPLIST_FILE = "common-dev-Info.plist";
				INFOPLIST_OTHER_PREPROCESSOR_FLAGS = "-traditional";
				INFOPLIST_PREFIX_HEADER = "${BUILD_DIR}/GeneratedInfoPlistDotEnv.h";
				INFOPLIST_PREPROCESS = YES;
				IPHONEOS_DEPLOYMENT_TARGET = 10.0;
				LD_RUNPATH_SEARCH_PATHS = (
					"$(inherited)",
					"@executable_path/Frameworks",
				);
				MARKETING_VERSION = 1.5;
				PRODUCT_BUNDLE_IDENTIFIER = com.daostack.common.staging;
				PRODUCT_NAME = "common-stg";
				PROVISIONING_PROFILE_SPECIFIER = "";
				SWIFT_OBJC_BRIDGING_HEADER = "common/Support/common-Bridging-Header.h";
				SWIFT_OPTIMIZATION_LEVEL = "-Onone";
				SWIFT_VERSION = 5.0;
				TARGETED_DEVICE_FAMILY = 1;
			};
			name = Debug;
		};
		151C20512499E3F4006170CC /* Release */ = {
			isa = XCBuildConfiguration;
			baseConfigurationReference = 6FB3EBC73DAEFA8B1995804F /* Pods-common-stg.release.xcconfig */;
			buildSettings = {
				ASSETCATALOG_COMPILER_APPICON_NAME = AppIcon;
				CLANG_ENABLE_MODULES = YES;
				CODE_SIGN_ENTITLEMENTS = common/common.entitlements;
				CODE_SIGN_IDENTITY = "Apple Development";
				CODE_SIGN_STYLE = Automatic;
				CURRENT_PROJECT_VERSION = 3;
				DEVELOPMENT_TEAM = 66CXPKJ7ZA;
				INFOPLIST_FILE = "common-dev-Info.plist";
				INFOPLIST_OTHER_PREPROCESSOR_FLAGS = "-traditional";
				INFOPLIST_PREFIX_HEADER = "${BUILD_DIR}/GeneratedInfoPlistDotEnv.h";
				INFOPLIST_PREPROCESS = YES;
				IPHONEOS_DEPLOYMENT_TARGET = 10.0;
				LD_RUNPATH_SEARCH_PATHS = (
					"$(inherited)",
					"@executable_path/Frameworks",
				);
				MARKETING_VERSION = 1.5;
				PRODUCT_BUNDLE_IDENTIFIER = com.daostack.common.staging;
				PRODUCT_NAME = "common-stg";
				PROVISIONING_PROFILE_SPECIFIER = "";
				SWIFT_OBJC_BRIDGING_HEADER = "common/Support/common-Bridging-Header.h";
				SWIFT_VERSION = 5.0;
				TARGETED_DEVICE_FAMILY = 1;
			};
			name = Release;
		};
		15CD0326246E87AD00EDADE2 /* Debug */ = {
			isa = XCBuildConfiguration;
			buildSettings = {
				CODE_SIGN_STYLE = Automatic;
				CURRENT_PROJECT_VERSION = 2;
				DEVELOPMENT_TEAM = 66CXPKJ7ZA;
				INFOPLIST_FILE = "common-notification-service-ext/Info.plist";
				IPHONEOS_DEPLOYMENT_TARGET = 10.0;
				LD_RUNPATH_SEARCH_PATHS = (
					"$(inherited)",
					"@executable_path/Frameworks",
					"@executable_path/../../Frameworks",
				);
				MARKETING_VERSION = 1.5;
				PRODUCT_BUNDLE_IDENTIFIER = "com.daostack.common.common-notification-service-ext";
				PRODUCT_NAME = "$(TARGET_NAME)";
				SKIP_INSTALL = YES;
				SWIFT_VERSION = 5.0;
				TARGETED_DEVICE_FAMILY = 1;
			};
			name = Debug;
		};
		15CD0327246E87AD00EDADE2 /* Release */ = {
			isa = XCBuildConfiguration;
			buildSettings = {
				CODE_SIGN_STYLE = Automatic;
				CURRENT_PROJECT_VERSION = 2;
				DEVELOPMENT_TEAM = 66CXPKJ7ZA;
				INFOPLIST_FILE = "common-notification-service-ext/Info.plist";
				IPHONEOS_DEPLOYMENT_TARGET = 10.0;
				LD_RUNPATH_SEARCH_PATHS = (
					"$(inherited)",
					"@executable_path/Frameworks",
					"@executable_path/../../Frameworks",
				);
				MARKETING_VERSION = 1.5;
				PRODUCT_BUNDLE_IDENTIFIER = "com.daostack.common.common-notification-service-ext";
				PRODUCT_NAME = "$(TARGET_NAME)";
				SKIP_INSTALL = YES;
				SWIFT_VERSION = 5.0;
				TARGETED_DEVICE_FAMILY = 1;
			};
			name = Release;
		};
		15E907382417D1BB008A5750 /* Debug */ = {
			isa = XCBuildConfiguration;
			baseConfigurationReference = 15AD00A124AB2E0F004FDADE /* Config.xcconfig */;
			buildSettings = {
				ALWAYS_SEARCH_USER_PATHS = NO;
				CLANG_ANALYZER_NONNULL = YES;
				CLANG_ANALYZER_NUMBER_OBJECT_CONVERSION = YES_AGGRESSIVE;
				CLANG_CXX_LANGUAGE_STANDARD = "gnu++14";
				CLANG_CXX_LIBRARY = "libc++";
				CLANG_ENABLE_MODULES = YES;
				CLANG_ENABLE_OBJC_ARC = YES;
				CLANG_ENABLE_OBJC_WEAK = YES;
				CLANG_WARN_BLOCK_CAPTURE_AUTORELEASING = YES;
				CLANG_WARN_BOOL_CONVERSION = YES;
				CLANG_WARN_COMMA = YES;
				CLANG_WARN_CONSTANT_CONVERSION = YES;
				CLANG_WARN_DEPRECATED_OBJC_IMPLEMENTATIONS = YES;
				CLANG_WARN_DIRECT_OBJC_ISA_USAGE = YES_ERROR;
				CLANG_WARN_DOCUMENTATION_COMMENTS = YES;
				CLANG_WARN_EMPTY_BODY = YES;
				CLANG_WARN_ENUM_CONVERSION = YES;
				CLANG_WARN_INFINITE_RECURSION = YES;
				CLANG_WARN_INT_CONVERSION = YES;
				CLANG_WARN_NON_LITERAL_NULL_CONVERSION = YES;
				CLANG_WARN_OBJC_IMPLICIT_RETAIN_SELF = YES;
				CLANG_WARN_OBJC_LITERAL_CONVERSION = YES;
				CLANG_WARN_OBJC_ROOT_CLASS = YES_ERROR;
				CLANG_WARN_RANGE_LOOP_ANALYSIS = YES;
				CLANG_WARN_STRICT_PROTOTYPES = YES;
				CLANG_WARN_SUSPICIOUS_MOVE = YES;
				CLANG_WARN_UNGUARDED_AVAILABILITY = YES_AGGRESSIVE;
				CLANG_WARN_UNREACHABLE_CODE = YES;
				CLANG_WARN__DUPLICATE_METHOD_MATCH = YES;
				COPY_PHASE_STRIP = NO;
				DEBUG_INFORMATION_FORMAT = dwarf;
				ENABLE_STRICT_OBJC_MSGSEND = YES;
				ENABLE_TESTABILITY = YES;
				GCC_C_LANGUAGE_STANDARD = gnu11;
				GCC_DYNAMIC_NO_PIC = NO;
				GCC_NO_COMMON_BLOCKS = YES;
				GCC_OPTIMIZATION_LEVEL = 0;
				GCC_PREPROCESSOR_DEFINITIONS = (
					"DEBUG=1",
					"$(inherited)",
				);
				GCC_WARN_64_TO_32_BIT_CONVERSION = YES;
				GCC_WARN_ABOUT_RETURN_TYPE = YES_ERROR;
				GCC_WARN_UNDECLARED_SELECTOR = YES;
				GCC_WARN_UNINITIALIZED_AUTOS = YES_AGGRESSIVE;
				GCC_WARN_UNUSED_FUNCTION = YES;
				GCC_WARN_UNUSED_VARIABLE = YES;
				IPHONEOS_DEPLOYMENT_TARGET = 13.2;
				MTL_ENABLE_DEBUG_INFO = INCLUDE_SOURCE;
				MTL_FAST_MATH = YES;
				ONLY_ACTIVE_ARCH = YES;
				SDKROOT = iphoneos;
				SWIFT_ACTIVE_COMPILATION_CONDITIONS = DEBUG;
				SWIFT_OPTIMIZATION_LEVEL = "-Onone";
			};
			name = Debug;
		};
		15E907392417D1BB008A5750 /* Release */ = {
			isa = XCBuildConfiguration;
			baseConfigurationReference = 15AD00A124AB2E0F004FDADE /* Config.xcconfig */;
			buildSettings = {
				ALWAYS_SEARCH_USER_PATHS = NO;
				CLANG_ANALYZER_NONNULL = YES;
				CLANG_ANALYZER_NUMBER_OBJECT_CONVERSION = YES_AGGRESSIVE;
				CLANG_CXX_LANGUAGE_STANDARD = "gnu++14";
				CLANG_CXX_LIBRARY = "libc++";
				CLANG_ENABLE_MODULES = YES;
				CLANG_ENABLE_OBJC_ARC = YES;
				CLANG_ENABLE_OBJC_WEAK = YES;
				CLANG_WARN_BLOCK_CAPTURE_AUTORELEASING = YES;
				CLANG_WARN_BOOL_CONVERSION = YES;
				CLANG_WARN_COMMA = YES;
				CLANG_WARN_CONSTANT_CONVERSION = YES;
				CLANG_WARN_DEPRECATED_OBJC_IMPLEMENTATIONS = YES;
				CLANG_WARN_DIRECT_OBJC_ISA_USAGE = YES_ERROR;
				CLANG_WARN_DOCUMENTATION_COMMENTS = YES;
				CLANG_WARN_EMPTY_BODY = YES;
				CLANG_WARN_ENUM_CONVERSION = YES;
				CLANG_WARN_INFINITE_RECURSION = YES;
				CLANG_WARN_INT_CONVERSION = YES;
				CLANG_WARN_NON_LITERAL_NULL_CONVERSION = YES;
				CLANG_WARN_OBJC_IMPLICIT_RETAIN_SELF = YES;
				CLANG_WARN_OBJC_LITERAL_CONVERSION = YES;
				CLANG_WARN_OBJC_ROOT_CLASS = YES_ERROR;
				CLANG_WARN_RANGE_LOOP_ANALYSIS = YES;
				CLANG_WARN_STRICT_PROTOTYPES = YES;
				CLANG_WARN_SUSPICIOUS_MOVE = YES;
				CLANG_WARN_UNGUARDED_AVAILABILITY = YES_AGGRESSIVE;
				CLANG_WARN_UNREACHABLE_CODE = YES;
				CLANG_WARN__DUPLICATE_METHOD_MATCH = YES;
				COPY_PHASE_STRIP = NO;
				DEBUG_INFORMATION_FORMAT = "dwarf-with-dsym";
				ENABLE_NS_ASSERTIONS = NO;
				ENABLE_STRICT_OBJC_MSGSEND = YES;
				GCC_C_LANGUAGE_STANDARD = gnu11;
				GCC_NO_COMMON_BLOCKS = YES;
				GCC_WARN_64_TO_32_BIT_CONVERSION = YES;
				GCC_WARN_ABOUT_RETURN_TYPE = YES_ERROR;
				GCC_WARN_UNDECLARED_SELECTOR = YES;
				GCC_WARN_UNINITIALIZED_AUTOS = YES_AGGRESSIVE;
				GCC_WARN_UNUSED_FUNCTION = YES;
				GCC_WARN_UNUSED_VARIABLE = YES;
				IPHONEOS_DEPLOYMENT_TARGET = 13.2;
				MTL_ENABLE_DEBUG_INFO = NO;
				MTL_FAST_MATH = YES;
				SDKROOT = iphoneos;
				SWIFT_COMPILATION_MODE = wholemodule;
				SWIFT_OPTIMIZATION_LEVEL = "-O";
				VALIDATE_PRODUCT = YES;
			};
			name = Release;
		};
		15E9073B2417D1BB008A5750 /* Debug */ = {
			isa = XCBuildConfiguration;
			baseConfigurationReference = 1A380D74495F911BF60AD72C /* Pods-common.debug.xcconfig */;
			buildSettings = {
				ALWAYS_EMBED_SWIFT_STANDARD_LIBRARIES = YES;
				ASSETCATALOG_COMPILER_APPICON_NAME = AppIcon;
				CLANG_ENABLE_MODULES = YES;
				CODE_SIGN_ENTITLEMENTS = common/common.entitlements;
				CODE_SIGN_IDENTITY = "Apple Development";
				CODE_SIGN_STYLE = Automatic;
				CURRENT_PROJECT_VERSION = 2;
				DEVELOPMENT_TEAM = 66CXPKJ7ZA;
				INFOPLIST_FILE = common/Support/Info.plist;
				INFOPLIST_OTHER_PREPROCESSOR_FLAGS = "-traditional";
				INFOPLIST_PREFIX_HEADER = "${BUILD_DIR}/GeneratedInfoPlistDotEnv.h";
				INFOPLIST_PREPROCESS = YES;
				IPHONEOS_DEPLOYMENT_TARGET = 10.0;
				LD_RUNPATH_SEARCH_PATHS = (
					"$(inherited)",
					"@executable_path/Frameworks",
				);
				MARKETING_VERSION = 1.5;
				PRODUCT_BUNDLE_IDENTIFIER = com.daostack.common;
				PRODUCT_NAME = "$(TARGET_NAME)";
				PROVISIONING_PROFILE_SPECIFIER = "";
				SWIFT_OBJC_BRIDGING_HEADER = "common/Support/common-Bridging-Header.h";
				SWIFT_OPTIMIZATION_LEVEL = "-Onone";
				SWIFT_VERSION = 5.0;
				TARGETED_DEVICE_FAMILY = 1;
			};
			name = Debug;
		};
		15E9073C2417D1BB008A5750 /* Release */ = {
			isa = XCBuildConfiguration;
			baseConfigurationReference = 4CE18B1CFFA458FD7071C73C /* Pods-common.release.xcconfig */;
			buildSettings = {
				ALWAYS_EMBED_SWIFT_STANDARD_LIBRARIES = YES;
				ASSETCATALOG_COMPILER_APPICON_NAME = AppIcon;
				CLANG_ENABLE_MODULES = YES;
				CODE_SIGN_ENTITLEMENTS = common/common.entitlements;
				CODE_SIGN_IDENTITY = "Apple Development";
				CODE_SIGN_STYLE = Automatic;
				CURRENT_PROJECT_VERSION = 2;
				DEVELOPMENT_TEAM = 66CXPKJ7ZA;
				INFOPLIST_FILE = common/Support/Info.plist;
				INFOPLIST_OTHER_PREPROCESSOR_FLAGS = "-traditional";
				INFOPLIST_PREFIX_HEADER = "${BUILD_DIR}/GeneratedInfoPlistDotEnv.h";
				INFOPLIST_PREPROCESS = YES;
				IPHONEOS_DEPLOYMENT_TARGET = 10.0;
				LD_RUNPATH_SEARCH_PATHS = (
					"$(inherited)",
					"@executable_path/Frameworks",
				);
				MARKETING_VERSION = 1.5;
				PRODUCT_BUNDLE_IDENTIFIER = com.daostack.common;
				PRODUCT_NAME = "$(TARGET_NAME)";
				PROVISIONING_PROFILE_SPECIFIER = "";
				SWIFT_OBJC_BRIDGING_HEADER = "common/Support/common-Bridging-Header.h";
				SWIFT_VERSION = 5.0;
				TARGETED_DEVICE_FAMILY = 1;
			};
			name = Release;
		};
/* End XCBuildConfiguration section */

/* Begin XCConfigurationList section */
		151C201D2499CEA3006170CC /* Build configuration list for PBXNativeTarget "common-dev-notification-service-ext" */ = {
			isa = XCConfigurationList;
			buildConfigurations = (
				151C201E2499CEA3006170CC /* Debug */,
				151C201F2499CEA3006170CC /* Release */,
			);
			defaultConfigurationIsVisible = 0;
			defaultConfigurationName = Release;
		};
		151C204F2499E3F4006170CC /* Build configuration list for PBXNativeTarget "common-stg" */ = {
			isa = XCConfigurationList;
			buildConfigurations = (
				151C20502499E3F4006170CC /* Debug */,
				151C20512499E3F4006170CC /* Release */,
			);
			defaultConfigurationIsVisible = 0;
			defaultConfigurationName = Release;
		};
		15CD0325246E87AD00EDADE2 /* Build configuration list for PBXNativeTarget "common-notification-service-ext" */ = {
			isa = XCConfigurationList;
			buildConfigurations = (
				15CD0326246E87AD00EDADE2 /* Debug */,
				15CD0327246E87AD00EDADE2 /* Release */,
			);
			defaultConfigurationIsVisible = 0;
			defaultConfigurationName = Release;
		};
		15E907212417D1B9008A5750 /* Build configuration list for PBXProject "common" */ = {
			isa = XCConfigurationList;
			buildConfigurations = (
				15E907382417D1BB008A5750 /* Debug */,
				15E907392417D1BB008A5750 /* Release */,
			);
			defaultConfigurationIsVisible = 0;
			defaultConfigurationName = Release;
		};
		15E9073A2417D1BB008A5750 /* Build configuration list for PBXNativeTarget "common" */ = {
			isa = XCConfigurationList;
			buildConfigurations = (
				15E9073B2417D1BB008A5750 /* Debug */,
				15E9073C2417D1BB008A5750 /* Release */,
			);
			defaultConfigurationIsVisible = 0;
			defaultConfigurationName = Release;
		};
/* End XCConfigurationList section */
	};
	rootObject = 15E9071E2417D1B9008A5750 /* Project object */;
}
